// !$*UTF8*$!
{
	archiveVersion = 1;
	classes = {
	};
	objectVersion = 56;
	objects = {

/* Begin PBXBuildFile section */
		4C31BD542BCE5C11006FCA9E /* BlockView.swift in Sources */ = {isa = PBXBuildFile; fileRef = 4C31BD532BCE5C11006FCA9E /* BlockView.swift */; };
		4C6E48682BCAC9A9006BDBFE /* NC1App.swift in Sources */ = {isa = PBXBuildFile; fileRef = 4C6E48672BCAC9A9006BDBFE /* NC1App.swift */; };
		4C6E486E2BCAC9AB006BDBFE /* Assets.xcassets in Resources */ = {isa = PBXBuildFile; fileRef = 4C6E486D2BCAC9AB006BDBFE /* Assets.xcassets */; };
		4C6E48712BCAC9AB006BDBFE /* Preview Assets.xcassets in Resources */ = {isa = PBXBuildFile; fileRef = 4C6E48702BCAC9AB006BDBFE /* Preview Assets.xcassets */; };
		4C6E48782BCACCDA006BDBFE /* ListDropDown.swift in Sources */ = {isa = PBXBuildFile; fileRef = 4C6E48772BCACCDA006BDBFE /* ListDropDown.swift */; };
		4C6E487C2BCBC359006BDBFE /* Block.swift in Sources */ = {isa = PBXBuildFile; fileRef = 4C6E487B2BCBC359006BDBFE /* Block.swift */; };
		4C6E487E2BCBC3B7006BDBFE /* Journey.swift in Sources */ = {isa = PBXBuildFile; fileRef = 4C6E487D2BCBC3B7006BDBFE /* Journey.swift */; };
		4C6E48812BCBC97F006BDBFE /* Date+DateFormatter.swift in Sources */ = {isa = PBXBuildFile; fileRef = 4C6E48802BCBC97F006BDBFE /* Date+DateFormatter.swift */; };
		4C98A55B2BD0EA02002B3BAB /* TomorrowEditView.swift in Sources */ = {isa = PBXBuildFile; fileRef = 4C98A55A2BD0EA02002B3BAB /* TomorrowEditView.swift */; };
		4C98A55D2BD0EA0D002B3BAB /* TodayEditView.swift in Sources */ = {isa = PBXBuildFile; fileRef = 4C98A55C2BD0EA0D002B3BAB /* TodayEditView.swift */; };
		4C9D26CF2BD03046003B1CD1 /* DayDiaryView.swift in Sources */ = {isa = PBXBuildFile; fileRef = 4C9D26CE2BD03046003B1CD1 /* DayDiaryView.swift */; };
		4C9D26D12BD0323F003B1CD1 /* DummyBlock.swift in Sources */ = {isa = PBXBuildFile; fileRef = 4C9D26D02BD0323F003B1CD1 /* DummyBlock.swift */; };
		4CC4A08D2BCD5C2B00A31EB0 /* TabSplitView.swift in Sources */ = {isa = PBXBuildFile; fileRef = 4CC4A08C2BCD5C2B00A31EB0 /* TabSplitView.swift */; };
		4CE31C1D2BCC03DC002FF801 /* DiaryView.swift in Sources */ = {isa = PBXBuildFile; fileRef = 4CE31C1C2BCC03DC002FF801 /* DiaryView.swift */; };
/* End PBXBuildFile section */

/* Begin PBXFileReference section */
		4C31BD532BCE5C11006FCA9E /* BlockView.swift */ = {isa = PBXFileReference; lastKnownFileType = sourcecode.swift; path = BlockView.swift; sourceTree = "<group>"; };
		4C6E48642BCAC9A9006BDBFE /* NC1.app */ = {isa = PBXFileReference; explicitFileType = wrapper.application; includeInIndex = 0; path = NC1.app; sourceTree = BUILT_PRODUCTS_DIR; };
		4C6E48672BCAC9A9006BDBFE /* NC1App.swift */ = {isa = PBXFileReference; lastKnownFileType = sourcecode.swift; path = NC1App.swift; sourceTree = "<group>"; };
		4C6E486D2BCAC9AB006BDBFE /* Assets.xcassets */ = {isa = PBXFileReference; lastKnownFileType = folder.assetcatalog; path = Assets.xcassets; sourceTree = "<group>"; };
		4C6E48702BCAC9AB006BDBFE /* Preview Assets.xcassets */ = {isa = PBXFileReference; lastKnownFileType = folder.assetcatalog; path = "Preview Assets.xcassets"; sourceTree = "<group>"; };
		4C6E48772BCACCDA006BDBFE /* ListDropDown.swift */ = {isa = PBXFileReference; lastKnownFileType = sourcecode.swift; path = ListDropDown.swift; sourceTree = "<group>"; };
		4C6E487B2BCBC359006BDBFE /* Block.swift */ = {isa = PBXFileReference; lastKnownFileType = sourcecode.swift; path = Block.swift; sourceTree = "<group>"; };
		4C6E487D2BCBC3B7006BDBFE /* Journey.swift */ = {isa = PBXFileReference; lastKnownFileType = sourcecode.swift; path = Journey.swift; sourceTree = "<group>"; };
		4C6E48802BCBC97F006BDBFE /* Date+DateFormatter.swift */ = {isa = PBXFileReference; lastKnownFileType = sourcecode.swift; path = "Date+DateFormatter.swift"; sourceTree = "<group>"; };
		4C98A55A2BD0EA02002B3BAB /* TomorrowEditView.swift */ = {isa = PBXFileReference; lastKnownFileType = sourcecode.swift; path = TomorrowEditView.swift; sourceTree = "<group>"; };
		4C98A55C2BD0EA0D002B3BAB /* TodayEditView.swift */ = {isa = PBXFileReference; lastKnownFileType = sourcecode.swift; path = TodayEditView.swift; sourceTree = "<group>"; };
		4C9D26CE2BD03046003B1CD1 /* DayDiaryView.swift */ = {isa = PBXFileReference; lastKnownFileType = sourcecode.swift; path = DayDiaryView.swift; sourceTree = "<group>"; };
		4C9D26D02BD0323F003B1CD1 /* DummyBlock.swift */ = {isa = PBXFileReference; lastKnownFileType = sourcecode.swift; path = DummyBlock.swift; sourceTree = "<group>"; };
		4CC4A08C2BCD5C2B00A31EB0 /* TabSplitView.swift */ = {isa = PBXFileReference; lastKnownFileType = sourcecode.swift; path = TabSplitView.swift; sourceTree = "<group>"; };
		4CE31C1C2BCC03DC002FF801 /* DiaryView.swift */ = {isa = PBXFileReference; lastKnownFileType = sourcecode.swift; path = DiaryView.swift; sourceTree = "<group>"; };
/* End PBXFileReference section */

/* Begin PBXFrameworksBuildPhase section */
		4C6E48612BCAC9A9006BDBFE /* Frameworks */ = {
			isa = PBXFrameworksBuildPhase;
			buildActionMask = 2147483647;
			files = (
			);
			runOnlyForDeploymentPostprocessing = 0;
		};
/* End PBXFrameworksBuildPhase section */

/* Begin PBXGroup section */
		4C6E485B2BCAC9A9006BDBFE = {
			isa = PBXGroup;
			children = (
				4C6E48662BCAC9A9006BDBFE /* NC1 */,
				4C6E48652BCAC9A9006BDBFE /* Products */,
			);
			sourceTree = "<group>";
		};
		4C6E48652BCAC9A9006BDBFE /* Products */ = {
			isa = PBXGroup;
			children = (
				4C6E48642BCAC9A9006BDBFE /* NC1.app */,
			);
			name = Products;
			sourceTree = "<group>";
		};
		4C6E48662BCAC9A9006BDBFE /* NC1 */ = {
			isa = PBXGroup;
			children = (
				4C6E487F2BCBC909006BDBFE /* Extensions */,
				4C6E487A2BCBC308006BDBFE /* Views */,
				4C6E48792BCBC2EF006BDBFE /* Models */,
				4C6E48672BCAC9A9006BDBFE /* NC1App.swift */,
				4C6E486D2BCAC9AB006BDBFE /* Assets.xcassets */,
				4C6E486F2BCAC9AB006BDBFE /* Preview Content */,
			);
			path = NC1;
			sourceTree = "<group>";
		};
		4C6E486F2BCAC9AB006BDBFE /* Preview Content */ = {
			isa = PBXGroup;
			children = (
				4C6E48702BCAC9AB006BDBFE /* Preview Assets.xcassets */,
			);
			path = "Preview Content";
			sourceTree = "<group>";
		};
		4C6E48792BCBC2EF006BDBFE /* Models */ = {
			isa = PBXGroup;
			children = (
				4C6E487B2BCBC359006BDBFE /* Block.swift */,
				4C6E487D2BCBC3B7006BDBFE /* Journey.swift */,
				4C9D26D02BD0323F003B1CD1 /* DummyBlock.swift */,
			);
			path = Models;
			sourceTree = "<group>";
		};
		4C6E487A2BCBC308006BDBFE /* Views */ = {
			isa = PBXGroup;
			children = (
				4C6E48772BCACCDA006BDBFE /* ListDropDown.swift */,
				4CC4A08C2BCD5C2B00A31EB0 /* TabSplitView.swift */,
				4CE31C1C2BCC03DC002FF801 /* DiaryView.swift */,
				4C9D26CE2BD03046003B1CD1 /* DayDiaryView.swift */,
				4C98A55A2BD0EA02002B3BAB /* TomorrowEditView.swift */,
				4C98A55C2BD0EA0D002B3BAB /* TodayEditView.swift */,
				4C31BD532BCE5C11006FCA9E /* BlockView.swift */,
			);
			path = Views;
			sourceTree = "<group>";
		};
		4C6E487F2BCBC909006BDBFE /* Extensions */ = {
			isa = PBXGroup;
			children = (
				4C6E48802BCBC97F006BDBFE /* Date+DateFormatter.swift */,
			);
			path = Extensions;
			sourceTree = "<group>";
		};
/* End PBXGroup section */

/* Begin PBXNativeTarget section */
		4C6E48632BCAC9A9006BDBFE /* NC1 */ = {
			isa = PBXNativeTarget;
			buildConfigurationList = 4C6E48742BCAC9AB006BDBFE /* Build configuration list for PBXNativeTarget "NC1" */;
			buildPhases = (
				4C6E48602BCAC9A9006BDBFE /* Sources */,
				4C6E48612BCAC9A9006BDBFE /* Frameworks */,
				4C6E48622BCAC9A9006BDBFE /* Resources */,
			);
			buildRules = (
			);
			dependencies = (
			);
			name = NC1;
			productName = NC1;
			productReference = 4C6E48642BCAC9A9006BDBFE /* NC1.app */;
			productType = "com.apple.product-type.application";
		};
/* End PBXNativeTarget section */

/* Begin PBXProject section */
		4C6E485C2BCAC9A9006BDBFE /* Project object */ = {
			isa = PBXProject;
			attributes = {
				BuildIndependentTargetsInParallel = 1;
				LastSwiftUpdateCheck = 1520;
				LastUpgradeCheck = 1520;
				TargetAttributes = {
					4C6E48632BCAC9A9006BDBFE = {
						CreatedOnToolsVersion = 15.2;
					};
				};
			};
			buildConfigurationList = 4C6E485F2BCAC9A9006BDBFE /* Build configuration list for PBXProject "NC1" */;
			compatibilityVersion = "Xcode 14.0";
			developmentRegion = en;
			hasScannedForEncodings = 0;
			knownRegions = (
				en,
				Base,
			);
			mainGroup = 4C6E485B2BCAC9A9006BDBFE;
			productRefGroup = 4C6E48652BCAC9A9006BDBFE /* Products */;
			projectDirPath = "";
			projectRoot = "";
			targets = (
				4C6E48632BCAC9A9006BDBFE /* NC1 */,
			);
		};
/* End PBXProject section */

/* Begin PBXResourcesBuildPhase section */
		4C6E48622BCAC9A9006BDBFE /* Resources */ = {
			isa = PBXResourcesBuildPhase;
			buildActionMask = 2147483647;
			files = (
				4C6E48712BCAC9AB006BDBFE /* Preview Assets.xcassets in Resources */,
				4C6E486E2BCAC9AB006BDBFE /* Assets.xcassets in Resources */,
			);
			runOnlyForDeploymentPostprocessing = 0;
		};
/* End PBXResourcesBuildPhase section */

/* Begin PBXSourcesBuildPhase section */
		4C6E48602BCAC9A9006BDBFE /* Sources */ = {
			isa = PBXSourcesBuildPhase;
			buildActionMask = 2147483647;
			files = (
				4C9D26CF2BD03046003B1CD1 /* DayDiaryView.swift in Sources */,
				4C6E487E2BCBC3B7006BDBFE /* Journey.swift in Sources */,
				4C31BD542BCE5C11006FCA9E /* BlockView.swift in Sources */,
				4C98A55D2BD0EA0D002B3BAB /* TodayEditView.swift in Sources */,
				4C98A55B2BD0EA02002B3BAB /* TomorrowEditView.swift in Sources */,
				4C9D26D12BD0323F003B1CD1 /* DummyBlock.swift in Sources */,
				4C6E48812BCBC97F006BDBFE /* Date+DateFormatter.swift in Sources */,
				4C6E487C2BCBC359006BDBFE /* Block.swift in Sources */,
				4CC4A08D2BCD5C2B00A31EB0 /* TabSplitView.swift in Sources */,
				4C6E48782BCACCDA006BDBFE /* ListDropDown.swift in Sources */,
				4CE31C1D2BCC03DC002FF801 /* DiaryView.swift in Sources */,
				4C6E48682BCAC9A9006BDBFE /* NC1App.swift in Sources */,
			);
			runOnlyForDeploymentPostprocessing = 0;
		};
/* End PBXSourcesBuildPhase section */

/* Begin XCBuildConfiguration section */
		4C6E48722BCAC9AB006BDBFE /* Debug */ = {
			isa = XCBuildConfiguration;
			buildSettings = {
				ALWAYS_SEARCH_USER_PATHS = NO;
				ASSETCATALOG_COMPILER_GENERATE_SWIFT_ASSET_SYMBOL_EXTENSIONS = YES;
				CLANG_ANALYZER_NONNULL = YES;
				CLANG_ANALYZER_NUMBER_OBJECT_CONVERSION = YES_AGGRESSIVE;
				CLANG_CXX_LANGUAGE_STANDARD = "gnu++20";
				CLANG_ENABLE_MODULES = YES;
				CLANG_ENABLE_OBJC_ARC = YES;
				CLANG_ENABLE_OBJC_WEAK = YES;
				CLANG_WARN_BLOCK_CAPTURE_AUTORELEASING = YES;
				CLANG_WARN_BOOL_CONVERSION = YES;
				CLANG_WARN_COMMA = YES;
				CLANG_WARN_CONSTANT_CONVERSION = YES;
				CLANG_WARN_DEPRECATED_OBJC_IMPLEMENTATIONS = YES;
				CLANG_WARN_DIRECT_OBJC_ISA_USAGE = YES_ERROR;
				CLANG_WARN_DOCUMENTATION_COMMENTS = YES;
				CLANG_WARN_EMPTY_BODY = YES;
				CLANG_WARN_ENUM_CONVERSION = YES;
				CLANG_WARN_INFINITE_RECURSION = YES;
				CLANG_WARN_INT_CONVERSION = YES;
				CLANG_WARN_NON_LITERAL_NULL_CONVERSION = YES;
				CLANG_WARN_OBJC_IMPLICIT_RETAIN_SELF = YES;
				CLANG_WARN_OBJC_LITERAL_CONVERSION = YES;
				CLANG_WARN_OBJC_ROOT_CLASS = YES_ERROR;
				CLANG_WARN_QUOTED_INCLUDE_IN_FRAMEWORK_HEADER = YES;
				CLANG_WARN_RANGE_LOOP_ANALYSIS = YES;
				CLANG_WARN_STRICT_PROTOTYPES = YES;
				CLANG_WARN_SUSPICIOUS_MOVE = YES;
				CLANG_WARN_UNGUARDED_AVAILABILITY = YES_AGGRESSIVE;
				CLANG_WARN_UNREACHABLE_CODE = YES;
				CLANG_WARN__DUPLICATE_METHOD_MATCH = YES;
				COPY_PHASE_STRIP = NO;
				DEBUG_INFORMATION_FORMAT = dwarf;
				ENABLE_STRICT_OBJC_MSGSEND = YES;
				ENABLE_TESTABILITY = YES;
				ENABLE_USER_SCRIPT_SANDBOXING = YES;
				GCC_C_LANGUAGE_STANDARD = gnu17;
				GCC_DYNAMIC_NO_PIC = NO;
				GCC_NO_COMMON_BLOCKS = YES;
				GCC_OPTIMIZATION_LEVEL = 0;
				GCC_PREPROCESSOR_DEFINITIONS = (
					"DEBUG=1",
					"$(inherited)",
				);
				GCC_WARN_64_TO_32_BIT_CONVERSION = YES;
				GCC_WARN_ABOUT_RETURN_TYPE = YES_ERROR;
				GCC_WARN_UNDECLARED_SELECTOR = YES;
				GCC_WARN_UNINITIALIZED_AUTOS = YES_AGGRESSIVE;
				GCC_WARN_UNUSED_FUNCTION = YES;
				GCC_WARN_UNUSED_VARIABLE = YES;
				IPHONEOS_DEPLOYMENT_TARGET = 17.2;
				LOCALIZATION_PREFERS_STRING_CATALOGS = YES;
				MTL_ENABLE_DEBUG_INFO = INCLUDE_SOURCE;
				MTL_FAST_MATH = YES;
				ONLY_ACTIVE_ARCH = YES;
				SDKROOT = iphoneos;
				SWIFT_ACTIVE_COMPILATION_CONDITIONS = "DEBUG $(inherited)";
				SWIFT_OPTIMIZATION_LEVEL = "-Onone";
			};
			name = Debug;
		};
		4C6E48732BCAC9AB006BDBFE /* Release */ = {
			isa = XCBuildConfiguration;
			buildSettings = {
				ALWAYS_SEARCH_USER_PATHS = NO;
				ASSETCATALOG_COMPILER_GENERATE_SWIFT_ASSET_SYMBOL_EXTENSIONS = YES;
				CLANG_ANALYZER_NONNULL = YES;
				CLANG_ANALYZER_NUMBER_OBJECT_CONVERSION = YES_AGGRESSIVE;
				CLANG_CXX_LANGUAGE_STANDARD = "gnu++20";
				CLANG_ENABLE_MODULES = YES;
				CLANG_ENABLE_OBJC_ARC = YES;
				CLANG_ENABLE_OBJC_WEAK = YES;
				CLANG_WARN_BLOCK_CAPTURE_AUTORELEASING = YES;
				CLANG_WARN_BOOL_CONVERSION = YES;
				CLANG_WARN_COMMA = YES;
				CLANG_WARN_CONSTANT_CONVERSION = YES;
				CLANG_WARN_DEPRECATED_OBJC_IMPLEMENTATIONS = YES;
				CLANG_WARN_DIRECT_OBJC_ISA_USAGE = YES_ERROR;
				CLANG_WARN_DOCUMENTATION_COMMENTS = YES;
				CLANG_WARN_EMPTY_BODY = YES;
				CLANG_WARN_ENUM_CONVERSION = YES;
				CLANG_WARN_INFINITE_RECURSION = YES;
				CLANG_WARN_INT_CONVERSION = YES;
				CLANG_WARN_NON_LITERAL_NULL_CONVERSION = YES;
				CLANG_WARN_OBJC_IMPLICIT_RETAIN_SELF = YES;
				CLANG_WARN_OBJC_LITERAL_CONVERSION = YES;
				CLANG_WARN_OBJC_ROOT_CLASS = YES_ERROR;
				CLANG_WARN_QUOTED_INCLUDE_IN_FRAMEWORK_HEADER = YES;
				CLANG_WARN_RANGE_LOOP_ANALYSIS = YES;
				CLANG_WARN_STRICT_PROTOTYPES = YES;
				CLANG_WARN_SUSPICIOUS_MOVE = YES;
				CLANG_WARN_UNGUARDED_AVAILABILITY = YES_AGGRESSIVE;
				CLANG_WARN_UNREACHABLE_CODE = YES;
				CLANG_WARN__DUPLICATE_METHOD_MATCH = YES;
				COPY_PHASE_STRIP = NO;
				DEBUG_INFORMATION_FORMAT = "dwarf-with-dsym";
				ENABLE_NS_ASSERTIONS = NO;
				ENABLE_STRICT_OBJC_MSGSEND = YES;
				ENABLE_USER_SCRIPT_SANDBOXING = YES;
				GCC_C_LANGUAGE_STANDARD = gnu17;
				GCC_NO_COMMON_BLOCKS = YES;
				GCC_WARN_64_TO_32_BIT_CONVERSION = YES;
				GCC_WARN_ABOUT_RETURN_TYPE = YES_ERROR;
				GCC_WARN_UNDECLARED_SELECTOR = YES;
				GCC_WARN_UNINITIALIZED_AUTOS = YES_AGGRESSIVE;
				GCC_WARN_UNUSED_FUNCTION = YES;
				GCC_WARN_UNUSED_VARIABLE = YES;
				IPHONEOS_DEPLOYMENT_TARGET = 17.2;
				LOCALIZATION_PREFERS_STRING_CATALOGS = YES;
				MTL_ENABLE_DEBUG_INFO = NO;
				MTL_FAST_MATH = YES;
				SDKROOT = iphoneos;
				SWIFT_COMPILATION_MODE = wholemodule;
				VALIDATE_PRODUCT = YES;
			};
			name = Release;
		};
		4C6E48752BCAC9AB006BDBFE /* Debug */ = {
			isa = XCBuildConfiguration;
			buildSettings = {
				ASSETCATALOG_COMPILER_APPICON_NAME = AppIcon;
				ASSETCATALOG_COMPILER_GLOBAL_ACCENT_COLOR_NAME = AccentColor;
				CODE_SIGN_STYLE = Automatic;
				CURRENT_PROJECT_VERSION = 1;
				DEVELOPMENT_ASSET_PATHS = "\"NC1/Preview Content\"";
				DEVELOPMENT_TEAM = 9R7T8F4A6S;
				ENABLE_PREVIEWS = YES;
				GENERATE_INFOPLIST_FILE = YES;
				INFOPLIST_KEY_UIApplicationSceneManifest_Generation = YES;
				INFOPLIST_KEY_UIApplicationSupportsIndirectInputEvents = YES;
				INFOPLIST_KEY_UILaunchScreen_Generation = YES;
				INFOPLIST_KEY_UISupportedInterfaceOrientations_iPad = "UIInterfaceOrientationPortrait UIInterfaceOrientationPortraitUpsideDown UIInterfaceOrientationLandscapeLeft UIInterfaceOrientationLandscapeRight";
				INFOPLIST_KEY_UISupportedInterfaceOrientations_iPhone = "UIInterfaceOrientationPortrait UIInterfaceOrientationLandscapeLeft UIInterfaceOrientationLandscapeRight";
				LD_RUNPATH_SEARCH_PATHS = (
					"$(inherited)",
					"@executable_path/Frameworks",
				);
				MARKETING_VERSION = 1.0;
				PRODUCT_BUNDLE_IDENTIFIER = com.hututi.NC1;
				PRODUCT_NAME = "$(TARGET_NAME)";
				SWIFT_EMIT_LOC_STRINGS = YES;
				SWIFT_VERSION = 5.0;
				TARGETED_DEVICE_FAMILY = "1,2";
			};
			name = Debug;
		};
		4C6E48762BCAC9AB006BDBFE /* Release */ = {
			isa = XCBuildConfiguration;
			buildSettings = {
				ASSETCATALOG_COMPILER_APPICON_NAME = AppIcon;
				ASSETCATALOG_COMPILER_GLOBAL_ACCENT_COLOR_NAME = AccentColor;
				CODE_SIGN_STYLE = Automatic;
				CURRENT_PROJECT_VERSION = 1;
				DEVELOPMENT_ASSET_PATHS = "\"NC1/Preview Content\"";
				DEVELOPMENT_TEAM = 9R7T8F4A6S;
				ENABLE_PREVIEWS = YES;
				GENERATE_INFOPLIST_FILE = YES;
				INFOPLIST_KEY_UIApplicationSceneManifest_Generation = YES;
				INFOPLIST_KEY_UIApplicationSupportsIndirectInputEvents = YES;
				INFOPLIST_KEY_UILaunchScreen_Generation = YES;
				INFOPLIST_KEY_UISupportedInterfaceOrientations_iPad = "UIInterfaceOrientationPortrait UIInterfaceOrientationPortraitUpsideDown UIInterfaceOrientationLandscapeLeft UIInterfaceOrientationLandscapeRight";
				INFOPLIST_KEY_UISupportedInterfaceOrientations_iPhone = "UIInterfaceOrientationPortrait UIInterfaceOrientationLandscapeLeft UIInterfaceOrientationLandscapeRight";
				LD_RUNPATH_SEARCH_PATHS = (
					"$(inherited)",
					"@executable_path/Frameworks",
				);
				MARKETING_VERSION = 1.0;
				PRODUCT_BUNDLE_IDENTIFIER = com.hututi.NC1;
				PRODUCT_NAME = "$(TARGET_NAME)";
				SWIFT_EMIT_LOC_STRINGS = YES;
				SWIFT_VERSION = 5.0;
				TARGETED_DEVICE_FAMILY = "1,2";
			};
			name = Release;
		};
/* End XCBuildConfiguration section */

/* Begin XCConfigurationList section */
		4C6E485F2BCAC9A9006BDBFE /* Build configuration list for PBXProject "NC1" */ = {
			isa = XCConfigurationList;
			buildConfigurations = (
				4C6E48722BCAC9AB006BDBFE /* Debug */,
				4C6E48732BCAC9AB006BDBFE /* Release */,
			);
			defaultConfigurationIsVisible = 0;
			defaultConfigurationName = Release;
		};
		4C6E48742BCAC9AB006BDBFE /* Build configuration list for PBXNativeTarget "NC1" */ = {
			isa = XCConfigurationList;
			buildConfigurations = (
				4C6E48752BCAC9AB006BDBFE /* Debug */,
				4C6E48762BCAC9AB006BDBFE /* Release */,
			);
			defaultConfigurationIsVisible = 0;
			defaultConfigurationName = Release;
		};
/* End XCConfigurationList section */
	};
	rootObject = 4C6E485C2BCAC9A9006BDBFE /* Project object */;
}
